
Microsoft Visual Studio Solution File, Format Version 12.00
# Visual Studio Version 17
VisualStudioVersion = 17.4.33213.308
MinimumVisualStudioVersion = 10.0.40219.1
Project("{FAE04EC0-301F-11D3-BF4B-00C04F79EFBC}") = "GrosseryShopMVC", "GrosseryShopMVC\GrosseryShopMVC.csproj", "{23CF2DFC-3C44-4B2E-B3E3-4952116B0533}"
EndProject
Global
	GlobalSection(SolutionConfigurationPlatforms) = preSolution
		Debug|Any CPU = Debug|Any CPU
		Release|Any CPU = Release|Any CPU
	EndGlobalSection
	GlobalSection(ProjectConfigurationPlatforms) = postSolution
		{23CF2DFC-3C44-4B2E-B3E3-4952116B0533}.Debug|Any CPU.ActiveCfg = Debug|Any CPU
		{23CF2DFC-3C44-4B2E-B3E3-4952116B0533}.Debug|Any CPU.Build.0 = Debug|Any CPU
		{23CF2DFC-3C44-4B2E-B3E3-4952116B0533}.Release|Any CPU.ActiveCfg = Release|Any CPU
		{23CF2DFC-3C44-4B2E-B3E3-4952116B0533}.Release|Any CPU.Build.0 = Release|Any CPU
	EndGlobalSection
	GlobalSection(SolutionProperties) = preSolution
		HideSolutionNode = FALSE
	EndGlobalSection
	GlobalSection(ExtensibilityGlobals) = postSolution
		SolutionGuid = {7EBF0791-89BE-4361-8055-53D8F68A1BEA}
	EndGlobalSection
EndGlobal
